
Microsoft Visual Studio Solution File, Format Version 12.00
# Visual Studio 15
Project("{FAE04EC0-301F-11D3-BF4B-00C04F79EFBC}") = "UnityEngine.TestRunner", "UnityEngine.TestRunner.csproj", "{E3DFB415-283B-F975-1331-F3FF09B8AA20}"
EndProject
Project("{FAE04EC0-301F-11D3-BF4B-00C04F79EFBC}") = "Unity.Mathematics", "Unity.Mathematics.csproj", "{FCB6C616-B717-D689-5ED6-D56B783DF0A2}"
EndProject
Project("{FAE04EC0-301F-11D3-BF4B-00C04F79EFBC}") = "Unity.2D.Animation.Triangle.Runtime", "Unity.2D.Animation.Triangle.Runtime.csproj", "{F335D8B2-4BFA-A90A-BD0A-D954F0E6D2C8}"
EndProject
Project("{FAE04EC0-301F-11D3-BF4B-00C04F79EFBC}") = "Unity.Timeline", "Unity.Timeline.csproj", "{6E7400BF-7731-5680-B5D2-9D3C73616CA8}"
EndProject
Project("{FAE04EC0-301F-11D3-BF4B-00C04F79EFBC}") = "UnityEngine.UI", "UnityEngine.UI.csproj", "{7B0A3261-99D5-8208-8557-56E229BF9EF9}"
EndProject
Project("{FAE04EC0-301F-11D3-BF4B-00C04F79EFBC}") = "Unity.TextMeshPro", "Unity.TextMeshPro.csproj", "{B6D71107-EE2A-BAE1-C135-D98A48322A54}"
EndProject
Project("{FAE04EC0-301F-11D3-BF4B-00C04F79EFBC}") = "Unity.2D.Animation.Runtime", "Unity.2D.Animation.Runtime.csproj", "{EF786B3E-A2CD-1FA6-C097-6086F0E91474}"
EndProject
Project("{FAE04EC0-301F-11D3-BF4B-00C04F79EFBC}") = "Unity.2D.IK.Runtime", "Unity.2D.IK.Runtime.csproj", "{666D2C7F-FCAE-6063-9BA9-D0F11830F41D}"
EndProject
Project("{FAE04EC0-301F-11D3-BF4B-00C04F79EFBC}") = "Unity.2D.SpriteShape.Runtime", "Unity.2D.SpriteShape.Runtime.csproj", "{31FFD676-A0C5-1EEA-C83D-FA8CEF62D72D}"
EndProject
Project("{FAE04EC0-301F-11D3-BF4B-00C04F79EFBC}") = "Assembly-CSharp", "Assembly-CSharp.csproj", "{2D4F11E4-53C5-C13D-F073-2A56196CEDC8}"
EndProject
Project("{FAE04EC0-301F-11D3-BF4B-00C04F79EFBC}") = "Unity.2D.PixelPerfect", "Unity.2D.PixelPerfect.csproj", "{34801B93-239A-7FE5-F5F4-8A3C545B28F7}"
EndProject
Project("{FAE04EC0-301F-11D3-BF4B-00C04F79EFBC}") = "Unity.2D.Common.Runtime", "Unity.2D.Common.Runtime.csproj", "{53027C0F-32B4-F484-33EF-42C0EB17A017}"
EndProject
Project("{FAE04EC0-301F-11D3-BF4B-00C04F79EFBC}") = "Unity.InternalAPIEngineBridge.001", "Unity.InternalAPIEngineBridge.001.csproj", "{BC5CF42D-6E71-1609-3796-544865B3CD83}"
EndProject
Project("{FAE04EC0-301F-11D3-BF4B-00C04F79EFBC}") = "UnityEditor.TestRunner", "UnityEditor.TestRunner.csproj", "{E2A607D4-6E0F-1CF9-4841-39FC48BB74DC}"
EndProject
Project("{FAE04EC0-301F-11D3-BF4B-00C04F79EFBC}") = "UnityEditor.UI", "UnityEditor.UI.csproj", "{D3206CEB-9C96-3847-830A-E51495DDE86A}"
EndProject
Project("{FAE04EC0-301F-11D3-BF4B-00C04F79EFBC}") = "Unity.Timeline.Editor", "Unity.Timeline.Editor.csproj", "{3143032C-E546-6CF5-A2EA-E6C5F328171B}"
EndProject
Project("{FAE04EC0-301F-11D3-BF4B-00C04F79EFBC}") = "Unity.VisualStudio.Editor", "Unity.VisualStudio.Editor.csproj", "{DC75A974-991C-DA2C-00FC-82414FE846AE}"
EndProject
Project("{FAE04EC0-301F-11D3-BF4B-00C04F79EFBC}") = "Unity.2D.Psdimporter.Editor", "Unity.2D.Psdimporter.Editor.csproj", "{744AB38D-6615-1C88-5786-D40F7BC016F9}"
EndProject
Project("{FAE04EC0-301F-11D3-BF4B-00C04F79EFBC}") = "Unity.2D.Animation.Editor", "Unity.2D.Animation.Editor.csproj", "{F80EA0BC-0763-1314-856C-B0648F507BF7}"
EndProject
Project("{FAE04EC0-301F-11D3-BF4B-00C04F79EFBC}") = "Unity.TextMeshPro.Editor", "Unity.TextMeshPro.Editor.csproj", "{12962C87-AA95-A4E2-244F-132163A54165}"
EndProject
Project("{FAE04EC0-301F-11D3-BF4B-00C04F79EFBC}") = "Unity.2D.SpriteShape.Editor", "Unity.2D.SpriteShape.Editor.csproj", "{BD320EC5-CE66-27B3-DA66-7EAA98781BDF}"
EndProject
Project("{FAE04EC0-301F-11D3-BF4B-00C04F79EFBC}") = "Unity.CollabProxy.Editor", "Unity.CollabProxy.Editor.csproj", "{9B7229FC-BAD0-2994-D56E-1F84EBC39C0D}"
EndProject
Project("{FAE04EC0-301F-11D3-BF4B-00C04F79EFBC}") = "PsdPlugin", "PsdPlugin.csproj", "{A05BDD86-3AD4-57BC-6A96-9F2C089A04D3}"
EndProject
Project("{FAE04EC0-301F-11D3-BF4B-00C04F79EFBC}") = "Unity.2D.Path.Editor", "Unity.2D.Path.Editor.csproj", "{6DFCBE67-3CAD-7E8B-3429-AAC28AEAB235}"
EndProject
Project("{FAE04EC0-301F-11D3-BF4B-00C04F79EFBC}") = "Unity.Rider.Editor", "Unity.Rider.Editor.csproj", "{7376CB31-5AF3-5980-57B8-818E232E7C1A}"
EndProject
Project("{FAE04EC0-301F-11D3-BF4B-00C04F79EFBC}") = "Unity.2D.IK.Editor", "Unity.2D.IK.Editor.csproj", "{2B38A410-6620-A6C2-D6A4-ED2E792084F0}"
EndProject
Project("{FAE04EC0-301F-11D3-BF4B-00C04F79EFBC}") = "Unity.2D.Sprite.Editor", "Unity.2D.Sprite.Editor.csproj", "{5BD145DF-ECED-9D56-7A70-888D85B060AE}"
EndProject
Project("{FAE04EC0-301F-11D3-BF4B-00C04F79EFBC}") = "Unity.2D.Tilemap.Editor", "Unity.2D.Tilemap.Editor.csproj", "{4F99F45D-B422-5E21-AA73-AE729A144BAB}"
EndProject
Project("{FAE04EC0-301F-11D3-BF4B-00C04F79EFBC}") = "Unity.2D.PixelPerfect.Editor", "Unity.2D.PixelPerfect.Editor.csproj", "{36732767-9AFF-0290-C30A-058520B7A57A}"
EndProject
Project("{FAE04EC0-301F-11D3-BF4B-00C04F79EFBC}") = "Unity.VSCode.Editor", "Unity.VSCode.Editor.csproj", "{0DDD326B-1AEF-1FE4-9AC2-175EB6D83E34}"
EndProject
Project("{FAE04EC0-301F-11D3-BF4B-00C04F79EFBC}") = "Unity.2D.Common.Editor", "Unity.2D.Common.Editor.csproj", "{123796B7-1165-4CF0-A74B-9B0DAD2BC6DF}"
EndProject
Project("{FAE04EC0-301F-11D3-BF4B-00C04F79EFBC}") = "Unity.Mathematics.Editor", "Unity.Mathematics.Editor.csproj", "{528B842F-E57B-8D61-DFD4-D3C01799850C}"
EndProject
Project("{FAE04EC0-301F-11D3-BF4B-00C04F79EFBC}") = "Unity.InternalAPIEditorBridge.001", "Unity.InternalAPIEditorBridge.001.csproj", "{D388EFB9-860F-B0BE-66C9-079B5CB3AC23}"
EndProject
Project("{FAE04EC0-301F-11D3-BF4B-00C04F79EFBC}") = "UnityEngine.TestRunner", "UnityEngine.TestRunner.Player.csproj", "{C9586A64-7961-6412-F2C3-10655C0FF417}"
EndProject
Project("{FAE04EC0-301F-11D3-BF4B-00C04F79EFBC}") = "Unity.Mathematics", "Unity.Mathematics.Player.csproj", "{B17A9F48-0235-AA62-139D-397170ACBDF2}"
EndProject
Project("{FAE04EC0-301F-11D3-BF4B-00C04F79EFBC}") = "Unity.2D.Animation.Triangle.Runtime", "Unity.2D.Animation.Triangle.Runtime.Player.csproj", "{76B92AA4-E752-5AEA-9181-305C7F9FE5B2}"
EndProject
Project("{FAE04EC0-301F-11D3-BF4B-00C04F79EFBC}") = "Unity.Timeline", "Unity.Timeline.Player.csproj", "{E8E447E0-125D-FA4C-DA41-051A4EC6BCCB}"
EndProject
Project("{FAE04EC0-301F-11D3-BF4B-00C04F79EFBC}") = "UnityEngine.UI", "UnityEngine.UI.Player.csproj", "{C2943627-7BDD-C504-76B0-3AB51846239C}"
EndProject
Project("{FAE04EC0-301F-11D3-BF4B-00C04F79EFBC}") = "Unity.TextMeshPro", "Unity.TextMeshPro.Player.csproj", "{19B23095-AE1F-A2FF-4888-45E4A6196234}"
EndProject
Project("{FAE04EC0-301F-11D3-BF4B-00C04F79EFBC}") = "Unity.2D.Animation.Runtime", "Unity.2D.Animation.Runtime.Player.csproj", "{972FB218-078C-50A5-FA97-45C99929BA6C}"
EndProject
Project("{FAE04EC0-301F-11D3-BF4B-00C04F79EFBC}") = "Unity.2D.IK.Runtime", "Unity.2D.IK.Runtime.Player.csproj", "{8D4C41BD-B9BA-5463-81B6-DB8DE16BCCE2}"
EndProject
Project("{FAE04EC0-301F-11D3-BF4B-00C04F79EFBC}") = "Unity.2D.SpriteShape.Runtime", "Unity.2D.SpriteShape.Runtime.Player.csproj", "{5A6B2147-7B6C-EA40-B844-726D95A5B55F}"
EndProject
Project("{FAE04EC0-301F-11D3-BF4B-00C04F79EFBC}") = "Assembly-CSharp", "Assembly-CSharp.Player.csproj", "{E7220C7C-8782-5CFC-AD7D-462A5E9BD691}"
EndProject
Project("{FAE04EC0-301F-11D3-BF4B-00C04F79EFBC}") = "Unity.2D.PixelPerfect", "Unity.2D.PixelPerfect.Player.csproj", "{804CF539-9453-B403-F1E1-AACE66C22960}"
EndProject
Project("{FAE04EC0-301F-11D3-BF4B-00C04F79EFBC}") = "Unity.2D.Common.Runtime", "Unity.2D.Common.Runtime.Player.csproj", "{4889AD1A-9A3B-C2BA-0643-5B443C3D2137}"
EndProject
Project("{FAE04EC0-301F-11D3-BF4B-00C04F79EFBC}") = "Unity.InternalAPIEngineBridge.001", "Unity.InternalAPIEngineBridge.001.Player.csproj", "{C8F46225-E143-DC04-C812-9B8AC126C884}"
EndProject
Global
	GlobalSection(SolutionConfigurationPlatforms) = preSolution
		Debug|Any CPU = Debug|Any CPU
		Release|Any CPU = Release|Any CPU
	EndGlobalSection
	GlobalSection(ProjectConfigurationPlatforms) = postSolution
		{E3DFB415-283B-F975-1331-F3FF09B8AA20}.Debug|Any CPU.ActiveCfg = Debug|Any CPU
		{E3DFB415-283B-F975-1331-F3FF09B8AA20}.Debug|Any CPU.Build.0 = Debug|Any CPU
		{E3DFB415-283B-F975-1331-F3FF09B8AA20}.Release|Any CPU.ActiveCfg = Release|Any CPU
		{E3DFB415-283B-F975-1331-F3FF09B8AA20}.Release|Any CPU.Build.0 = Release|Any CPU
		{FCB6C616-B717-D689-5ED6-D56B783DF0A2}.Debug|Any CPU.ActiveCfg = Debug|Any CPU
		{FCB6C616-B717-D689-5ED6-D56B783DF0A2}.Debug|Any CPU.Build.0 = Debug|Any CPU
		{FCB6C616-B717-D689-5ED6-D56B783DF0A2}.Release|Any CPU.ActiveCfg = Release|Any CPU
		{FCB6C616-B717-D689-5ED6-D56B783DF0A2}.Release|Any CPU.Build.0 = Release|Any CPU
		{F335D8B2-4BFA-A90A-BD0A-D954F0E6D2C8}.Debug|Any CPU.ActiveCfg = Debug|Any CPU
		{F335D8B2-4BFA-A90A-BD0A-D954F0E6D2C8}.Debug|Any CPU.Build.0 = Debug|Any CPU
		{F335D8B2-4BFA-A90A-BD0A-D954F0E6D2C8}.Release|Any CPU.ActiveCfg = Release|Any CPU
		{F335D8B2-4BFA-A90A-BD0A-D954F0E6D2C8}.Release|Any CPU.Build.0 = Release|Any CPU
		{6E7400BF-7731-5680-B5D2-9D3C73616CA8}.Debug|Any CPU.ActiveCfg = Debug|Any CPU
		{6E7400BF-7731-5680-B5D2-9D3C73616CA8}.Debug|Any CPU.Build.0 = Debug|Any CPU
		{6E7400BF-7731-5680-B5D2-9D3C73616CA8}.Release|Any CPU.ActiveCfg = Release|Any CPU
		{6E7400BF-7731-5680-B5D2-9D3C73616CA8}.Release|Any CPU.Build.0 = Release|Any CPU
		{7B0A3261-99D5-8208-8557-56E229BF9EF9}.Debug|Any CPU.ActiveCfg = Debug|Any CPU
		{7B0A3261-99D5-8208-8557-56E229BF9EF9}.Debug|Any CPU.Build.0 = Debug|Any CPU
		{7B0A3261-99D5-8208-8557-56E229BF9EF9}.Release|Any CPU.ActiveCfg = Release|Any CPU
		{7B0A3261-99D5-8208-8557-56E229BF9EF9}.Release|Any CPU.Build.0 = Release|Any CPU
		{B6D71107-EE2A-BAE1-C135-D98A48322A54}.Debug|Any CPU.ActiveCfg = Debug|Any CPU
		{B6D71107-EE2A-BAE1-C135-D98A48322A54}.Debug|Any CPU.Build.0 = Debug|Any CPU
		{B6D71107-EE2A-BAE1-C135-D98A48322A54}.Release|Any CPU.ActiveCfg = Release|Any CPU
		{B6D71107-EE2A-BAE1-C135-D98A48322A54}.Release|Any CPU.Build.0 = Release|Any CPU
		{EF786B3E-A2CD-1FA6-C097-6086F0E91474}.Debug|Any CPU.ActiveCfg = Debug|Any CPU
		{EF786B3E-A2CD-1FA6-C097-6086F0E91474}.Debug|Any CPU.Build.0 = Debug|Any CPU
		{EF786B3E-A2CD-1FA6-C097-6086F0E91474}.Release|Any CPU.ActiveCfg = Release|Any CPU
		{EF786B3E-A2CD-1FA6-C097-6086F0E91474}.Release|Any CPU.Build.0 = Release|Any CPU
		{666D2C7F-FCAE-6063-9BA9-D0F11830F41D}.Debug|Any CPU.ActiveCfg = Debug|Any CPU
		{666D2C7F-FCAE-6063-9BA9-D0F11830F41D}.Debug|Any CPU.Build.0 = Debug|Any CPU
		{666D2C7F-FCAE-6063-9BA9-D0F11830F41D}.Release|Any CPU.ActiveCfg = Release|Any CPU
		{666D2C7F-FCAE-6063-9BA9-D0F11830F41D}.Release|Any CPU.Build.0 = Release|Any CPU
		{31FFD676-A0C5-1EEA-C83D-FA8CEF62D72D}.Debug|Any CPU.ActiveCfg = Debug|Any CPU
		{31FFD676-A0C5-1EEA-C83D-FA8CEF62D72D}.Debug|Any CPU.Build.0 = Debug|Any CPU
		{31FFD676-A0C5-1EEA-C83D-FA8CEF62D72D}.Release|Any CPU.ActiveCfg = Release|Any CPU
		{31FFD676-A0C5-1EEA-C83D-FA8CEF62D72D}.Release|Any CPU.Build.0 = Release|Any CPU
		{2D4F11E4-53C5-C13D-F073-2A56196CEDC8}.Debug|Any CPU.ActiveCfg = Debug|Any CPU
		{2D4F11E4-53C5-C13D-F073-2A56196CEDC8}.Debug|Any CPU.Build.0 = Debug|Any CPU
		{2D4F11E4-53C5-C13D-F073-2A56196CEDC8}.Release|Any CPU.ActiveCfg = Release|Any CPU
		{2D4F11E4-53C5-C13D-F073-2A56196CEDC8}.Release|Any CPU.Build.0 = Release|Any CPU
		{34801B93-239A-7FE5-F5F4-8A3C545B28F7}.Debug|Any CPU.ActiveCfg = Debug|Any CPU
		{34801B93-239A-7FE5-F5F4-8A3C545B28F7}.Debug|Any CPU.Build.0 = Debug|Any CPU
		{34801B93-239A-7FE5-F5F4-8A3C545B28F7}.Release|Any CPU.ActiveCfg = Release|Any CPU
		{34801B93-239A-7FE5-F5F4-8A3C545B28F7}.Release|Any CPU.Build.0 = Release|Any CPU
		{53027C0F-32B4-F484-33EF-42C0EB17A017}.Debug|Any CPU.ActiveCfg = Debug|Any CPU
		{53027C0F-32B4-F484-33EF-42C0EB17A017}.Debug|Any CPU.Build.0 = Debug|Any CPU
		{53027C0F-32B4-F484-33EF-42C0EB17A017}.Release|Any CPU.ActiveCfg = Release|Any CPU
		{53027C0F-32B4-F484-33EF-42C0EB17A017}.Release|Any CPU.Build.0 = Release|Any CPU
		{BC5CF42D-6E71-1609-3796-544865B3CD83}.Debug|Any CPU.ActiveCfg = Debug|Any CPU
		{BC5CF42D-6E71-1609-3796-544865B3CD83}.Debug|Any CPU.Build.0 = Debug|Any CPU
		{BC5CF42D-6E71-1609-3796-544865B3CD83}.Release|Any CPU.ActiveCfg = Release|Any CPU
		{BC5CF42D-6E71-1609-3796-544865B3CD83}.Release|Any CPU.Build.0 = Release|Any CPU
		{E2A607D4-6E0F-1CF9-4841-39FC48BB74DC}.Debug|Any CPU.ActiveCfg = Debug|Any CPU
		{E2A607D4-6E0F-1CF9-4841-39FC48BB74DC}.Debug|Any CPU.Build.0 = Debug|Any CPU
		{E2A607D4-6E0F-1CF9-4841-39FC48BB74DC}.Release|Any CPU.ActiveCfg = Release|Any CPU
		{E2A607D4-6E0F-1CF9-4841-39FC48BB74DC}.Release|Any CPU.Build.0 = Release|Any CPU
		{D3206CEB-9C96-3847-830A-E51495DDE86A}.Debug|Any CPU.ActiveCfg = Debug|Any CPU
		{D3206CEB-9C96-3847-830A-E51495DDE86A}.Debug|Any CPU.Build.0 = Debug|Any CPU
		{D3206CEB-9C96-3847-830A-E51495DDE86A}.Release|Any CPU.ActiveCfg = Release|Any CPU
		{D3206CEB-9C96-3847-830A-E51495DDE86A}.Release|Any CPU.Build.0 = Release|Any CPU
		{3143032C-E546-6CF5-A2EA-E6C5F328171B}.Debug|Any CPU.ActiveCfg = Debug|Any CPU
		{3143032C-E546-6CF5-A2EA-E6C5F328171B}.Debug|Any CPU.Build.0 = Debug|Any CPU
		{3143032C-E546-6CF5-A2EA-E6C5F328171B}.Release|Any CPU.ActiveCfg = Release|Any CPU
		{3143032C-E546-6CF5-A2EA-E6C5F328171B}.Release|Any CPU.Build.0 = Release|Any CPU
		{DC75A974-991C-DA2C-00FC-82414FE846AE}.Debug|Any CPU.ActiveCfg = Debug|Any CPU
		{DC75A974-991C-DA2C-00FC-82414FE846AE}.Debug|Any CPU.Build.0 = Debug|Any CPU
		{DC75A974-991C-DA2C-00FC-82414FE846AE}.Release|Any CPU.ActiveCfg = Release|Any CPU
		{DC75A974-991C-DA2C-00FC-82414FE846AE}.Release|Any CPU.Build.0 = Release|Any CPU
		{744AB38D-6615-1C88-5786-D40F7BC016F9}.Debug|Any CPU.ActiveCfg = Debug|Any CPU
		{744AB38D-6615-1C88-5786-D40F7BC016F9}.Debug|Any CPU.Build.0 = Debug|Any CPU
		{744AB38D-6615-1C88-5786-D40F7BC016F9}.Release|Any CPU.ActiveCfg = Release|Any CPU
		{744AB38D-6615-1C88-5786-D40F7BC016F9}.Release|Any CPU.Build.0 = Release|Any CPU
		{F80EA0BC-0763-1314-856C-B0648F507BF7}.Debug|Any CPU.ActiveCfg = Debug|Any CPU
		{F80EA0BC-0763-1314-856C-B0648F507BF7}.Debug|Any CPU.Build.0 = Debug|Any CPU
		{F80EA0BC-0763-1314-856C-B0648F507BF7}.Release|Any CPU.ActiveCfg = Release|Any CPU
		{F80EA0BC-0763-1314-856C-B0648F507BF7}.Release|Any CPU.Build.0 = Release|Any CPU
		{12962C87-AA95-A4E2-244F-132163A54165}.Debug|Any CPU.ActiveCfg = Debug|Any CPU
		{12962C87-AA95-A4E2-244F-132163A54165}.Debug|Any CPU.Build.0 = Debug|Any CPU
		{12962C87-AA95-A4E2-244F-132163A54165}.Release|Any CPU.ActiveCfg = Release|Any CPU
		{12962C87-AA95-A4E2-244F-132163A54165}.Release|Any CPU.Build.0 = Release|Any CPU
		{BD320EC5-CE66-27B3-DA66-7EAA98781BDF}.Debug|Any CPU.ActiveCfg = Debug|Any CPU
		{BD320EC5-CE66-27B3-DA66-7EAA98781BDF}.Debug|Any CPU.Build.0 = Debug|Any CPU
		{BD320EC5-CE66-27B3-DA66-7EAA98781BDF}.Release|Any CPU.ActiveCfg = Release|Any CPU
		{BD320EC5-CE66-27B3-DA66-7EAA98781BDF}.Release|Any CPU.Build.0 = Release|Any CPU
		{9B7229FC-BAD0-2994-D56E-1F84EBC39C0D}.Debug|Any CPU.ActiveCfg = Debug|Any CPU
		{9B7229FC-BAD0-2994-D56E-1F84EBC39C0D}.Debug|Any CPU.Build.0 = Debug|Any CPU
		{9B7229FC-BAD0-2994-D56E-1F84EBC39C0D}.Release|Any CPU.ActiveCfg = Release|Any CPU
		{9B7229FC-BAD0-2994-D56E-1F84EBC39C0D}.Release|Any CPU.Build.0 = Release|Any CPU
		{A05BDD86-3AD4-57BC-6A96-9F2C089A04D3}.Debug|Any CPU.ActiveCfg = Debug|Any CPU
		{A05BDD86-3AD4-57BC-6A96-9F2C089A04D3}.Debug|Any CPU.Build.0 = Debug|Any CPU
		{A05BDD86-3AD4-57BC-6A96-9F2C089A04D3}.Release|Any CPU.ActiveCfg = Release|Any CPU
		{A05BDD86-3AD4-57BC-6A96-9F2C089A04D3}.Release|Any CPU.Build.0 = Release|Any CPU
		{6DFCBE67-3CAD-7E8B-3429-AAC28AEAB235}.Debug|Any CPU.ActiveCfg = Debug|Any CPU
		{6DFCBE67-3CAD-7E8B-3429-AAC28AEAB235}.Debug|Any CPU.Build.0 = Debug|Any CPU
		{6DFCBE67-3CAD-7E8B-3429-AAC28AEAB235}.Release|Any CPU.ActiveCfg = Release|Any CPU
		{6DFCBE67-3CAD-7E8B-3429-AAC28AEAB235}.Release|Any CPU.Build.0 = Release|Any CPU
		{7376CB31-5AF3-5980-57B8-818E232E7C1A}.Debug|Any CPU.ActiveCfg = Debug|Any CPU
		{7376CB31-5AF3-5980-57B8-818E232E7C1A}.Debug|Any CPU.Build.0 = Debug|Any CPU
		{7376CB31-5AF3-5980-57B8-818E232E7C1A}.Release|Any CPU.ActiveCfg = Release|Any CPU
		{7376CB31-5AF3-5980-57B8-818E232E7C1A}.Release|Any CPU.Build.0 = Release|Any CPU
		{2B38A410-6620-A6C2-D6A4-ED2E792084F0}.Debug|Any CPU.ActiveCfg = Debug|Any CPU
		{2B38A410-6620-A6C2-D6A4-ED2E792084F0}.Debug|Any CPU.Build.0 = Debug|Any CPU
		{2B38A410-6620-A6C2-D6A4-ED2E792084F0}.Release|Any CPU.ActiveCfg = Release|Any CPU
		{2B38A410-6620-A6C2-D6A4-ED2E792084F0}.Release|Any CPU.Build.0 = Release|Any CPU
		{5BD145DF-ECED-9D56-7A70-888D85B060AE}.Debug|Any CPU.ActiveCfg = Debug|Any CPU
		{5BD145DF-ECED-9D56-7A70-888D85B060AE}.Debug|Any CPU.Build.0 = Debug|Any CPU
		{5BD145DF-ECED-9D56-7A70-888D85B060AE}.Release|Any CPU.ActiveCfg = Release|Any CPU
		{5BD145DF-ECED-9D56-7A70-888D85B060AE}.Release|Any CPU.Build.0 = Release|Any CPU
		{4F99F45D-B422-5E21-AA73-AE729A144BAB}.Debug|Any CPU.ActiveCfg = Debug|Any CPU
		{4F99F45D-B422-5E21-AA73-AE729A144BAB}.Debug|Any CPU.Build.0 = Debug|Any CPU
		{4F99F45D-B422-5E21-AA73-AE729A144BAB}.Release|Any CPU.ActiveCfg = Release|Any CPU
		{4F99F45D-B422-5E21-AA73-AE729A144BAB}.Release|Any CPU.Build.0 = Release|Any CPU
		{36732767-9AFF-0290-C30A-058520B7A57A}.Debug|Any CPU.ActiveCfg = Debug|Any CPU
		{36732767-9AFF-0290-C30A-058520B7A57A}.Debug|Any CPU.Build.0 = Debug|Any CPU
		{36732767-9AFF-0290-C30A-058520B7A57A}.Release|Any CPU.ActiveCfg = Release|Any CPU
		{36732767-9AFF-0290-C30A-058520B7A57A}.Release|Any CPU.Build.0 = Release|Any CPU
		{0DDD326B-1AEF-1FE4-9AC2-175EB6D83E34}.Debug|Any CPU.ActiveCfg = Debug|Any CPU
		{0DDD326B-1AEF-1FE4-9AC2-175EB6D83E34}.Debug|Any CPU.Build.0 = Debug|Any CPU
		{0DDD326B-1AEF-1FE4-9AC2-175EB6D83E34}.Release|Any CPU.ActiveCfg = Release|Any CPU
		{0DDD326B-1AEF-1FE4-9AC2-175EB6D83E34}.Release|Any CPU.Build.0 = Release|Any CPU
		{123796B7-1165-4CF0-A74B-9B0DAD2BC6DF}.Debug|Any CPU.ActiveCfg = Debug|Any CPU
		{123796B7-1165-4CF0-A74B-9B0DAD2BC6DF}.Debug|Any CPU.Build.0 = Debug|Any CPU
		{123796B7-1165-4CF0-A74B-9B0DAD2BC6DF}.Release|Any CPU.ActiveCfg = Release|Any CPU
		{123796B7-1165-4CF0-A74B-9B0DAD2BC6DF}.Release|Any CPU.Build.0 = Release|Any CPU
		{528B842F-E57B-8D61-DFD4-D3C01799850C}.Debug|Any CPU.ActiveCfg = Debug|Any CPU
		{528B842F-E57B-8D61-DFD4-D3C01799850C}.Debug|Any CPU.Build.0 = Debug|Any CPU
		{528B842F-E57B-8D61-DFD4-D3C01799850C}.Release|Any CPU.ActiveCfg = Release|Any CPU
		{528B842F-E57B-8D61-DFD4-D3C01799850C}.Release|Any CPU.Build.0 = Release|Any CPU
		{D388EFB9-860F-B0BE-66C9-079B5CB3AC23}.Debug|Any CPU.ActiveCfg = Debug|Any CPU
		{D388EFB9-860F-B0BE-66C9-079B5CB3AC23}.Debug|Any CPU.Build.0 = Debug|Any CPU
		{D388EFB9-860F-B0BE-66C9-079B5CB3AC23}.Release|Any CPU.ActiveCfg = Release|Any CPU
		{D388EFB9-860F-B0BE-66C9-079B5CB3AC23}.Release|Any CPU.Build.0 = Release|Any CPU
		{C9586A64-7961-6412-F2C3-10655C0FF417}.Debug|Any CPU.ActiveCfg = Debug|Any CPU
		{C9586A64-7961-6412-F2C3-10655C0FF417}.Debug|Any CPU.Build.0 = Debug|Any CPU
		{C9586A64-7961-6412-F2C3-10655C0FF417}.Release|Any CPU.ActiveCfg = Release|Any CPU
		{C9586A64-7961-6412-F2C3-10655C0FF417}.Release|Any CPU.Build.0 = Release|Any CPU
		{B17A9F48-0235-AA62-139D-397170ACBDF2}.Debug|Any CPU.ActiveCfg = Debug|Any CPU
		{B17A9F48-0235-AA62-139D-397170ACBDF2}.Debug|Any CPU.Build.0 = Debug|Any CPU
		{B17A9F48-0235-AA62-139D-397170ACBDF2}.Release|Any CPU.ActiveCfg = Release|Any CPU
		{B17A9F48-0235-AA62-139D-397170ACBDF2}.Release|Any CPU.Build.0 = Release|Any CPU
		{76B92AA4-E752-5AEA-9181-305C7F9FE5B2}.Debug|Any CPU.ActiveCfg = Debug|Any CPU
		{76B92AA4-E752-5AEA-9181-305C7F9FE5B2}.Debug|Any CPU.Build.0 = Debug|Any CPU
		{76B92AA4-E752-5AEA-9181-305C7F9FE5B2}.Release|Any CPU.ActiveCfg = Release|Any CPU
		{76B92AA4-E752-5AEA-9181-305C7F9FE5B2}.Release|Any CPU.Build.0 = Release|Any CPU
		{E8E447E0-125D-FA4C-DA41-051A4EC6BCCB}.Debug|Any CPU.ActiveCfg = Debug|Any CPU
		{E8E447E0-125D-FA4C-DA41-051A4EC6BCCB}.Debug|Any CPU.Build.0 = Debug|Any CPU
		{E8E447E0-125D-FA4C-DA41-051A4EC6BCCB}.Release|Any CPU.ActiveCfg = Release|Any CPU
		{E8E447E0-125D-FA4C-DA41-051A4EC6BCCB}.Release|Any CPU.Build.0 = Release|Any CPU
		{C2943627-7BDD-C504-76B0-3AB51846239C}.Debug|Any CPU.ActiveCfg = Debug|Any CPU
		{C2943627-7BDD-C504-76B0-3AB51846239C}.Debug|Any CPU.Build.0 = Debug|Any CPU
		{C2943627-7BDD-C504-76B0-3AB51846239C}.Release|Any CPU.ActiveCfg = Release|Any CPU
		{C2943627-7BDD-C504-76B0-3AB51846239C}.Release|Any CPU.Build.0 = Release|Any CPU
		{19B23095-AE1F-A2FF-4888-45E4A6196234}.Debug|Any CPU.ActiveCfg = Debug|Any CPU
		{19B23095-AE1F-A2FF-4888-45E4A6196234}.Debug|Any CPU.Build.0 = Debug|Any CPU
		{19B23095-AE1F-A2FF-4888-45E4A6196234}.Release|Any CPU.ActiveCfg = Release|Any CPU
		{19B23095-AE1F-A2FF-4888-45E4A6196234}.Release|Any CPU.Build.0 = Release|Any CPU
		{972FB218-078C-50A5-FA97-45C99929BA6C}.Debug|Any CPU.ActiveCfg = Debug|Any CPU
		{972FB218-078C-50A5-FA97-45C99929BA6C}.Debug|Any CPU.Build.0 = Debug|Any CPU
		{972FB218-078C-50A5-FA97-45C99929BA6C}.Release|Any CPU.ActiveCfg = Release|Any CPU
		{972FB218-078C-50A5-FA97-45C99929BA6C}.Release|Any CPU.Build.0 = Release|Any CPU
		{8D4C41BD-B9BA-5463-81B6-DB8DE16BCCE2}.Debug|Any CPU.ActiveCfg = Debug|Any CPU
		{8D4C41BD-B9BA-5463-81B6-DB8DE16BCCE2}.Debug|Any CPU.Build.0 = Debug|Any CPU
		{8D4C41BD-B9BA-5463-81B6-DB8DE16BCCE2}.Release|Any CPU.ActiveCfg = Release|Any CPU
		{8D4C41BD-B9BA-5463-81B6-DB8DE16BCCE2}.Release|Any CPU.Build.0 = Release|Any CPU
		{5A6B2147-7B6C-EA40-B844-726D95A5B55F}.Debug|Any CPU.ActiveCfg = Debug|Any CPU
		{5A6B2147-7B6C-EA40-B844-726D95A5B55F}.Debug|Any CPU.Build.0 = Debug|Any CPU
		{5A6B2147-7B6C-EA40-B844-726D95A5B55F}.Release|Any CPU.ActiveCfg = Release|Any CPU
		{5A6B2147-7B6C-EA40-B844-726D95A5B55F}.Release|Any CPU.Build.0 = Release|Any CPU
		{E7220C7C-8782-5CFC-AD7D-462A5E9BD691}.Debug|Any CPU.ActiveCfg = Debug|Any CPU
		{E7220C7C-8782-5CFC-AD7D-462A5E9BD691}.Debug|Any CPU.Build.0 = Debug|Any CPU
		{E7220C7C-8782-5CFC-AD7D-462A5E9BD691}.Release|Any CPU.ActiveCfg = Release|Any CPU
		{E7220C7C-8782-5CFC-AD7D-462A5E9BD691}.Release|Any CPU.Build.0 = Release|Any CPU
		{804CF539-9453-B403-F1E1-AACE66C22960}.Debug|Any CPU.ActiveCfg = Debug|Any CPU
		{804CF539-9453-B403-F1E1-AACE66C22960}.Debug|Any CPU.Build.0 = Debug|Any CPU
		{804CF539-9453-B403-F1E1-AACE66C22960}.Release|Any CPU.ActiveCfg = Release|Any CPU
		{804CF539-9453-B403-F1E1-AACE66C22960}.Release|Any CPU.Build.0 = Release|Any CPU
		{4889AD1A-9A3B-C2BA-0643-5B443C3D2137}.Debug|Any CPU.ActiveCfg = Debug|Any CPU
		{4889AD1A-9A3B-C2BA-0643-5B443C3D2137}.Debug|Any CPU.Build.0 = Debug|Any CPU
		{4889AD1A-9A3B-C2BA-0643-5B443C3D2137}.Release|Any CPU.ActiveCfg = Release|Any CPU
		{4889AD1A-9A3B-C2BA-0643-5B443C3D2137}.Release|Any CPU.Build.0 = Release|Any CPU
		{C8F46225-E143-DC04-C812-9B8AC126C884}.Debug|Any CPU.ActiveCfg = Debug|Any CPU
		{C8F46225-E143-DC04-C812-9B8AC126C884}.Debug|Any CPU.Build.0 = Debug|Any CPU
		{C8F46225-E143-DC04-C812-9B8AC126C884}.Release|Any CPU.ActiveCfg = Release|Any CPU
		{C8F46225-E143-DC04-C812-9B8AC126C884}.Release|Any CPU.Build.0 = Release|Any CPU
	EndGlobalSection
	GlobalSection(SolutionProperties) = preSolution
		HideSolutionNode = FALSE
	EndGlobalSection
EndGlobal
